
Microsoft Visual Studio Solution File, Format Version 12.00
# Visual Studio Version 17
VisualStudioVersion = 17.0.31903.59
MinimumVisualStudioVersion = 10.0.40219.1
Project("{2150E333-8FDC-42A3-9474-1A3956D46DE8}") = "src", "src", "{B9CC6ABB-79B2-409D-A6B2-DD25280E2656}"
EndProject
Project("{2150E333-8FDC-42A3-9474-1A3956D46DE8}") = "Core", "Core", "{6DD22718-0A78-4A94-9D24-EFD82F9F0239}"
EndProject
Project("{FAE04EC0-301F-11D3-BF4B-00C04F79EFBC}") = "ESS.Domain", "src\Core\ESS.Domain\ESS.Domain.csproj", "{0D52A19A-3154-4A10-8BF5-9BB059252CB2}"
EndProject
Project("{FAE04EC0-301F-11D3-BF4B-00C04F79EFBC}") = "ESS.Application", "src\Core\ESS.Application\ESS.Application.csproj", "{5F3CCB89-DD47-40C9-A226-0FF8DD4F7B56}"
EndProject
Project("{2150E333-8FDC-42A3-9474-1A3956D46DE8}") = "Infrastructure", "Infrastructure", "{A958F360-7497-48B9-9507-7C85989A49B6}"
EndProject
Project("{FAE04EC0-301F-11D3-BF4B-00C04F79EFBC}") = "ESS.Infrastructure", "src\Infrastructure\ESS.Infrastructure\ESS.Infrastructure.csproj", "{0252D9D3-8948-4806-BC6F-44EE8A55437C}"
EndProject
Project("{2150E333-8FDC-42A3-9474-1A3956D46DE8}") = "Presentation", "Presentation", "{03963642-F02C-4DD8-A821-E6DE0DCFC354}"
EndProject
Project("{FAE04EC0-301F-11D3-BF4B-00C04F79EFBC}") = "ESS.API", "src\Presentation\ESS.API\ESS.API.csproj", "{9E568B48-46FF-4CAE-A867-159DD44ACE41}"
EndProject
Project("{2150E333-8FDC-42A3-9474-1A3956D46DE8}") = "tests", "tests", "{74E0B9A5-8272-4C6B-A0A7-F0CD91FC3FAC}"
EndProject
Project("{FAE04EC0-301F-11D3-BF4B-00C04F79EFBC}") = "ESS.UnitTests", "tests\ESS.UnitTests\ESS.UnitTests.csproj", "{0C977C52-B57D-42B0-AD76-D3BF655A8DA5}"
EndProject
Project("{FAE04EC0-301F-11D3-BF4B-00C04F79EFBC}") = "ESS.IntegrationTests", "tests\ESS.IntegrationTests\ESS.IntegrationTests.csproj", "{EBC466EF-B5CC-4345-9A74-C3E924534A4F}"
EndProject
Project("{FAE04EC0-301F-11D3-BF4B-00C04F79EFBC}") = "ESS.FunctionalTests", "tests\ESS.FunctionalTests\ESS.FunctionalTests.csproj", "{5D00EBD9-04D6-48D6-87A4-1AAA314E847C}"
EndProject
Project("{2150E333-8FDC-42A3-9474-1A3956D46DE8}") = "Solution Items", "Solution Items", "{8B2325BC-8B69-4738-9C5F-2C8FCA9C49D7}"
	ProjectSection(SolutionItems) = preProject
		NuGet.config = NuGet.config
	EndProjectSection
EndProject
Global
	GlobalSection(SolutionConfigurationPlatforms) = preSolution
		Debug|Any CPU = Debug|Any CPU
		Release|Any CPU = Release|Any CPU
	EndGlobalSection
	GlobalSection(ProjectConfigurationPlatforms) = postSolution
		{0D52A19A-3154-4A10-8BF5-9BB059252CB2}.Debug|Any CPU.ActiveCfg = Debug|Any CPU
		{0D52A19A-3154-4A10-8BF5-9BB059252CB2}.Debug|Any CPU.Build.0 = Debug|Any CPU
		{0D52A19A-3154-4A10-8BF5-9BB059252CB2}.Release|Any CPU.ActiveCfg = Release|Any CPU
		{0D52A19A-3154-4A10-8BF5-9BB059252CB2}.Release|Any CPU.Build.0 = Release|Any CPU
		{5F3CCB89-DD47-40C9-A226-0FF8DD4F7B56}.Debug|Any CPU.ActiveCfg = Debug|Any CPU
		{5F3CCB89-DD47-40C9-A226-0FF8DD4F7B56}.Debug|Any CPU.Build.0 = Debug|Any CPU
		{5F3CCB89-DD47-40C9-A226-0FF8DD4F7B56}.Release|Any CPU.ActiveCfg = Release|Any CPU
		{5F3CCB89-DD47-40C9-A226-0FF8DD4F7B56}.Release|Any CPU.Build.0 = Release|Any CPU
		{0252D9D3-8948-4806-BC6F-44EE8A55437C}.Debug|Any CPU.ActiveCfg = Debug|Any CPU
		{0252D9D3-8948-4806-BC6F-44EE8A55437C}.Debug|Any CPU.Build.0 = Debug|Any CPU
		{0252D9D3-8948-4806-BC6F-44EE8A55437C}.Release|Any CPU.ActiveCfg = Release|Any CPU
		{0252D9D3-8948-4806-BC6F-44EE8A55437C}.Release|Any CPU.Build.0 = Release|Any CPU
		{9E568B48-46FF-4CAE-A867-159DD44ACE41}.Debug|Any CPU.ActiveCfg = Debug|Any CPU
		{9E568B48-46FF-4CAE-A867-159DD44ACE41}.Debug|Any CPU.Build.0 = Debug|Any CPU
		{9E568B48-46FF-4CAE-A867-159DD44ACE41}.Release|Any CPU.ActiveCfg = Release|Any CPU
		{9E568B48-46FF-4CAE-A867-159DD44ACE41}.Release|Any CPU.Build.0 = Release|Any CPU
		{0C977C52-B57D-42B0-AD76-D3BF655A8DA5}.Debug|Any CPU.ActiveCfg = Debug|Any CPU
		{0C977C52-B57D-42B0-AD76-D3BF655A8DA5}.Debug|Any CPU.Build.0 = Debug|Any CPU
		{0C977C52-B57D-42B0-AD76-D3BF655A8DA5}.Release|Any CPU.ActiveCfg = Release|Any CPU
		{0C977C52-B57D-42B0-AD76-D3BF655A8DA5}.Release|Any CPU.Build.0 = Release|Any CPU
		{EBC466EF-B5CC-4345-9A74-C3E924534A4F}.Debug|Any CPU.ActiveCfg = Debug|Any CPU
		{EBC466EF-B5CC-4345-9A74-C3E924534A4F}.Debug|Any CPU.Build.0 = Debug|Any CPU
		{EBC466EF-B5CC-4345-9A74-C3E924534A4F}.Release|Any CPU.ActiveCfg = Release|Any CPU
		{EBC466EF-B5CC-4345-9A74-C3E924534A4F}.Release|Any CPU.Build.0 = Release|Any CPU
		{5D00EBD9-04D6-48D6-87A4-1AAA314E847C}.Debug|Any CPU.ActiveCfg = Debug|Any CPU
		{5D00EBD9-04D6-48D6-87A4-1AAA314E847C}.Debug|Any CPU.Build.0 = Debug|Any CPU
		{5D00EBD9-04D6-48D6-87A4-1AAA314E847C}.Release|Any CPU.ActiveCfg = Release|Any CPU
		{5D00EBD9-04D6-48D6-87A4-1AAA314E847C}.Release|Any CPU.Build.0 = Release|Any CPU
	EndGlobalSection
	GlobalSection(SolutionProperties) = preSolution
		HideSolutionNode = FALSE
	EndGlobalSection
	GlobalSection(NestedProjects) = preSolution
		{6DD22718-0A78-4A94-9D24-EFD82F9F0239} = {B9CC6ABB-79B2-409D-A6B2-DD25280E2656}
		{0D52A19A-3154-4A10-8BF5-9BB059252CB2} = {6DD22718-0A78-4A94-9D24-EFD82F9F0239}
		{5F3CCB89-DD47-40C9-A226-0FF8DD4F7B56} = {6DD22718-0A78-4A94-9D24-EFD82F9F0239}
		{A958F360-7497-48B9-9507-7C85989A49B6} = {B9CC6ABB-79B2-409D-A6B2-DD25280E2656}
		{0252D9D3-8948-4806-BC6F-44EE8A55437C} = {A958F360-7497-48B9-9507-7C85989A49B6}
		{03963642-F02C-4DD8-A821-E6DE0DCFC354} = {B9CC6ABB-79B2-409D-A6B2-DD25280E2656}
		{9E568B48-46FF-4CAE-A867-159DD44ACE41} = {03963642-F02C-4DD8-A821-E6DE0DCFC354}
		{0C977C52-B57D-42B0-AD76-D3BF655A8DA5} = {74E0B9A5-8272-4C6B-A0A7-F0CD91FC3FAC}
		{EBC466EF-B5CC-4345-9A74-C3E924534A4F} = {74E0B9A5-8272-4C6B-A0A7-F0CD91FC3FAC}
		{5D00EBD9-04D6-48D6-87A4-1AAA314E847C} = {74E0B9A5-8272-4C6B-A0A7-F0CD91FC3FAC}
	EndGlobalSection
EndGlobal
